
Microsoft Visual Studio Solution File, Format Version 12.00
# Visual Studio 2013
VisualStudioVersion = 12.0.21005.1
MinimumVisualStudioVersion = 10.0.40219.1
Project("{FAE04EC0-301F-11D3-BF4B-00C04F79EFBC}") = "OperatorOverloading", "OperatorOverloading\OperatorOverloading.csproj", "{615F134C-2415-4B6A-9A6C-3A8B042B7E4A}"
EndProject
Global
	GlobalSection(SolutionConfigurationPlatforms) = preSolution
		Debug|Any CPU = Debug|Any CPU
		Release|Any CPU = Release|Any CPU
	EndGlobalSection
	GlobalSection(ProjectConfigurationPlatforms) = postSolution
		{615F134C-2415-4B6A-9A6C-3A8B042B7E4A}.Debug|Any CPU.ActiveCfg = Debug|Any CPU
		{615F134C-2415-4B6A-9A6C-3A8B042B7E4A}.Debug|Any CPU.Build.0 = Debug|Any CPU
		{615F134C-2415-4B6A-9A6C-3A8B042B7E4A}.Release|Any CPU.ActiveCfg = Release|Any CPU
		{615F134C-2415-4B6A-9A6C-3A8B042B7E4A}.Release|Any CPU.Build.0 = Release|Any CPU
	EndGlobalSection
	GlobalSection(SolutionProperties) = preSolution
		HideSolutionNode = FALSE
	EndGlobalSection
EndGlobal
